
Microsoft Visual Studio Solution File, Format Version 12.00
# Visual Studio Version 16
VisualStudioVersion = 16.0.30114.105
MinimumVisualStudioVersion = 10.0.40219.1
Project("{FAE04EC0-301F-11D3-BF4B-00C04F79EFBC}") = "ToDoList_08272020", "ToDoList_08272020\ToDoList_08272020.csproj", "{A965B809-75AB-4298-8285-ECBF9A3BFE75}"
EndProject
Global
	GlobalSection(SolutionConfigurationPlatforms) = preSolution
		Debug|Any CPU = Debug|Any CPU
		Release|Any CPU = Release|Any CPU
	EndGlobalSection
	GlobalSection(ProjectConfigurationPlatforms) = postSolution
		{A965B809-75AB-4298-8285-ECBF9A3BFE75}.Debug|Any CPU.ActiveCfg = Debug|Any CPU
		{A965B809-75AB-4298-8285-ECBF9A3BFE75}.Debug|Any CPU.Build.0 = Debug|Any CPU
		{A965B809-75AB-4298-8285-ECBF9A3BFE75}.Release|Any CPU.ActiveCfg = Release|Any CPU
		{A965B809-75AB-4298-8285-ECBF9A3BFE75}.Release|Any CPU.Build.0 = Release|Any CPU
	EndGlobalSection
	GlobalSection(SolutionProperties) = preSolution
		HideSolutionNode = FALSE
	EndGlobalSection
	GlobalSection(ExtensibilityGlobals) = postSolution
		SolutionGuid = {0CADE59D-3E2B-44C2-BFE2-5535943050D4}
	EndGlobalSection
EndGlobal
